{
   "name": "dev",
   "version": "1.0.0",
   "lockfileVersion": 3,
   "requires": true,
   "packages": {
      "": {
         "name": "dev",
         "version": "1.0.0",
         "license": "ISC",
         "dependencies": {
            "xrg-utils": "^1.0.8"
         }
      },
      "node_modules/xrg-utils": {
         "version": "1.0.8",
         "resolved": "https://registry.npmjs.org/xrg-utils/-/xrg-utils-1.0.8.tgz",
         "integrity": "sha512-6gyV/ck4Bbfa1T9JQwLRBva23vkDT2lhIPxbxmE//nCRvnLJXi5SBZFdb9fosOe6yMEKSWzh+uhpthu5YT6FNg==",
         "license": "ISC"
      }
   }
}
